// !$*UTF8*$!
{
	archiveVersion = 1;
	classes = {
	};
	objectVersion = 56;
	objects = {

/* Begin PBXBuildFile section */
		3905E2782B6251D30005AC37 /* NaizFitApp.swift in Sources */ = {isa = PBXBuildFile; fileRef = 3905E2772B6251D30005AC37 /* NaizFitApp.swift */; };
		3905E27A2B6251D30005AC37 /* ContentView.swift in Sources */ = {isa = PBXBuildFile; fileRef = 3905E2792B6251D30005AC37 /* ContentView.swift */; };
		3905E27C2B6251D40005AC37 /* Assets.xcassets in Resources */ = {isa = PBXBuildFile; fileRef = 3905E27B2B6251D40005AC37 /* Assets.xcassets */; };
		3905E2802B6251D40005AC37 /* Preview Assets.xcassets in Resources */ = {isa = PBXBuildFile; fileRef = 3905E27F2B6251D40005AC37 /* Preview Assets.xcassets */; };
		3905E28A2B6252D80005AC37 /* ChallengeView.swift in Sources */ = {isa = PBXBuildFile; fileRef = 3905E2892B6252D80005AC37 /* ChallengeView.swift */; };
		3905E28C2B6252EA0005AC37 /* MeetingView.swift in Sources */ = {isa = PBXBuildFile; fileRef = 3905E28B2B6252EA0005AC37 /* MeetingView.swift */; };
		3905E28E2B6252F70005AC37 /* NotificationView.swift in Sources */ = {isa = PBXBuildFile; fileRef = 3905E28D2B6252F70005AC37 /* NotificationView.swift */; };
		3905E2902B6253040005AC37 /* ProfileView.swift in Sources */ = {isa = PBXBuildFile; fileRef = 3905E28F2B6253040005AC37 /* ProfileView.swift */; };
		3905E2952B62703F0005AC37 /* Montserrat-VariableFont_wght.ttf in Resources */ = {isa = PBXBuildFile; fileRef = 3905E2942B626FEC0005AC37 /* Montserrat-VariableFont_wght.ttf */; };
		3905E2982B62754A0005AC37 /* DMSans-VariableFont_opsz,wght.ttf in Resources */ = {isa = PBXBuildFile; fileRef = 3905E2972B62754A0005AC37 /* DMSans-VariableFont_opsz,wght.ttf */; };
		3905E29B2B6282830005AC37 /* PersonalInfoView.swift in Sources */ = {isa = PBXBuildFile; fileRef = 3905E29A2B6282830005AC37 /* PersonalInfoView.swift */; };
		3905E29D2B6288FC0005AC37 /* StadisticsView.swift in Sources */ = {isa = PBXBuildFile; fileRef = 3905E29C2B6288FC0005AC37 /* StadisticsView.swift */; };
		3905E29F2B628FF90005AC37 /* SegmentedView.swift in Sources */ = {isa = PBXBuildFile; fileRef = 3905E29E2B628FF90005AC37 /* SegmentedView.swift */; };
		3905E2A12B62A5640005AC37 /* EmptyInfoView.swift in Sources */ = {isa = PBXBuildFile; fileRef = 3905E2A02B62A5640005AC37 /* EmptyInfoView.swift */; };
		3905E2A32B62A7CC0005AC37 /* Inter-VariableFont_slnt,wght.ttf in Resources */ = {isa = PBXBuildFile; fileRef = 3905E2A22B62A7CC0005AC37 /* Inter-VariableFont_slnt,wght.ttf */; };
		3905E2A52B62AC2F0005AC37 /* NaizPerkModel.swift in Sources */ = {isa = PBXBuildFile; fileRef = 3905E2A42B62AC2F0005AC37 /* NaizPerkModel.swift */; };
		3905E2A72B62AF1A0005AC37 /* ProfileViewModel.swift in Sources */ = {isa = PBXBuildFile; fileRef = 3905E2A62B62AF1A0005AC37 /* ProfileViewModel.swift */; };
		3905E2AA2B62B0730005AC37 /* Alamofire in Frameworks */ = {isa = PBXBuildFile; productRef = 3905E2A92B62B0730005AC37 /* Alamofire */; };
		3905E2AD2B62B2510005AC37 /* NaizService.swift in Sources */ = {isa = PBXBuildFile; fileRef = 3905E2AC2B62B2510005AC37 /* NaizService.swift */; };
		39AE036A2B63ABF0004F2762 /* SegmentedTypes.swift in Sources */ = {isa = PBXBuildFile; fileRef = 39AE03692B63ABF0004F2762 /* SegmentedTypes.swift */; };
		39AE036C2B63AC44004F2762 /* NaizButton.swift in Sources */ = {isa = PBXBuildFile; fileRef = 39AE036B2B63AC44004F2762 /* NaizButton.swift */; };
		39AE036E2B63AD0C004F2762 /* PerkInfoView.swift in Sources */ = {isa = PBXBuildFile; fileRef = 39AE036D2B63AD0C004F2762 /* PerkInfoView.swift */; };
		39AE03712B63C02F004F2762 /* PerkConditionView.swift in Sources */ = {isa = PBXBuildFile; fileRef = 39AE03702B63C02F004F2762 /* PerkConditionView.swift */; };
		39AE03732B63D964004F2762 /* NaizUserModel.swift in Sources */ = {isa = PBXBuildFile; fileRef = 39AE03722B63D964004F2762 /* NaizUserModel.swift */; };
		39AE03752B63E451004F2762 /* UpdateHeightUserView.swift in Sources */ = {isa = PBXBuildFile; fileRef = 39AE03742B63E451004F2762 /* UpdateHeightUserView.swift */; };
		39AE03772B63ED46004F2762 /* UpdateWeightUserView.swift in Sources */ = {isa = PBXBuildFile; fileRef = 39AE03762B63ED46004F2762 /* UpdateWeightUserView.swift */; };
/* End PBXBuildFile section */

/* Begin PBXFileReference section */
		3905E2742B6251D30005AC37 /* NaizFit.app */ = {isa = PBXFileReference; explicitFileType = wrapper.application; includeInIndex = 0; path = NaizFit.app; sourceTree = BUILT_PRODUCTS_DIR; };
		3905E2772B6251D30005AC37 /* NaizFitApp.swift */ = {isa = PBXFileReference; lastKnownFileType = sourcecode.swift; path = NaizFitApp.swift; sourceTree = "<group>"; };
		3905E2792B6251D30005AC37 /* ContentView.swift */ = {isa = PBXFileReference; lastKnownFileType = sourcecode.swift; path = ContentView.swift; sourceTree = "<group>"; };
		3905E27B2B6251D40005AC37 /* Assets.xcassets */ = {isa = PBXFileReference; lastKnownFileType = folder.assetcatalog; path = Assets.xcassets; sourceTree = "<group>"; };
		3905E27D2B6251D40005AC37 /* NaizFit.entitlements */ = {isa = PBXFileReference; lastKnownFileType = text.plist.entitlements; path = NaizFit.entitlements; sourceTree = "<group>"; };
		3905E27F2B6251D40005AC37 /* Preview Assets.xcassets */ = {isa = PBXFileReference; lastKnownFileType = folder.assetcatalog; path = "Preview Assets.xcassets"; sourceTree = "<group>"; };
		3905E2892B6252D80005AC37 /* ChallengeView.swift */ = {isa = PBXFileReference; lastKnownFileType = sourcecode.swift; path = ChallengeView.swift; sourceTree = "<group>"; };
		3905E28B2B6252EA0005AC37 /* MeetingView.swift */ = {isa = PBXFileReference; lastKnownFileType = sourcecode.swift; path = MeetingView.swift; sourceTree = "<group>"; };
		3905E28D2B6252F70005AC37 /* NotificationView.swift */ = {isa = PBXFileReference; lastKnownFileType = sourcecode.swift; path = NotificationView.swift; sourceTree = "<group>"; };
		3905E28F2B6253040005AC37 /* ProfileView.swift */ = {isa = PBXFileReference; lastKnownFileType = sourcecode.swift; path = ProfileView.swift; sourceTree = "<group>"; };
		3905E2942B626FEC0005AC37 /* Montserrat-VariableFont_wght.ttf */ = {isa = PBXFileReference; lastKnownFileType = file; path = "Montserrat-VariableFont_wght.ttf"; sourceTree = "<group>"; };
		3905E2962B6270770005AC37 /* Info.plist */ = {isa = PBXFileReference; lastKnownFileType = text.plist; path = Info.plist; sourceTree = "<group>"; };
		3905E2972B62754A0005AC37 /* DMSans-VariableFont_opsz,wght.ttf */ = {isa = PBXFileReference; lastKnownFileType = file; path = "DMSans-VariableFont_opsz,wght.ttf"; sourceTree = "<group>"; };
		3905E29A2B6282830005AC37 /* PersonalInfoView.swift */ = {isa = PBXFileReference; lastKnownFileType = sourcecode.swift; path = PersonalInfoView.swift; sourceTree = "<group>"; };
		3905E29C2B6288FC0005AC37 /* StadisticsView.swift */ = {isa = PBXFileReference; lastKnownFileType = sourcecode.swift; path = StadisticsView.swift; sourceTree = "<group>"; };
		3905E29E2B628FF90005AC37 /* SegmentedView.swift */ = {isa = PBXFileReference; lastKnownFileType = sourcecode.swift; path = SegmentedView.swift; sourceTree = "<group>"; };
		3905E2A02B62A5640005AC37 /* EmptyInfoView.swift */ = {isa = PBXFileReference; lastKnownFileType = sourcecode.swift; path = EmptyInfoView.swift; sourceTree = "<group>"; };
		3905E2A22B62A7CC0005AC37 /* Inter-VariableFont_slnt,wght.ttf */ = {isa = PBXFileReference; lastKnownFileType = file; path = "Inter-VariableFont_slnt,wght.ttf"; sourceTree = "<group>"; };
		3905E2A42B62AC2F0005AC37 /* NaizPerkModel.swift */ = {isa = PBXFileReference; lastKnownFileType = sourcecode.swift; path = NaizPerkModel.swift; sourceTree = "<group>"; };
		3905E2A62B62AF1A0005AC37 /* ProfileViewModel.swift */ = {isa = PBXFileReference; lastKnownFileType = sourcecode.swift; path = ProfileViewModel.swift; sourceTree = "<group>"; };
		3905E2AC2B62B2510005AC37 /* NaizService.swift */ = {isa = PBXFileReference; lastKnownFileType = sourcecode.swift; path = NaizService.swift; sourceTree = "<group>"; };
		39AE03692B63ABF0004F2762 /* SegmentedTypes.swift */ = {isa = PBXFileReference; lastKnownFileType = sourcecode.swift; path = SegmentedTypes.swift; sourceTree = "<group>"; };
		39AE036B2B63AC44004F2762 /* NaizButton.swift */ = {isa = PBXFileReference; lastKnownFileType = sourcecode.swift; path = NaizButton.swift; sourceTree = "<group>"; };
		39AE036D2B63AD0C004F2762 /* PerkInfoView.swift */ = {isa = PBXFileReference; lastKnownFileType = sourcecode.swift; path = PerkInfoView.swift; sourceTree = "<group>"; };
		39AE03702B63C02F004F2762 /* PerkConditionView.swift */ = {isa = PBXFileReference; lastKnownFileType = sourcecode.swift; path = PerkConditionView.swift; sourceTree = "<group>"; };
		39AE03722B63D964004F2762 /* NaizUserModel.swift */ = {isa = PBXFileReference; lastKnownFileType = sourcecode.swift; path = NaizUserModel.swift; sourceTree = "<group>"; };
		39AE03742B63E451004F2762 /* UpdateHeightUserView.swift */ = {isa = PBXFileReference; lastKnownFileType = sourcecode.swift; path = UpdateHeightUserView.swift; sourceTree = "<group>"; };
		39AE03762B63ED46004F2762 /* UpdateWeightUserView.swift */ = {isa = PBXFileReference; lastKnownFileType = sourcecode.swift; path = UpdateWeightUserView.swift; sourceTree = "<group>"; };
/* End PBXFileReference section */

/* Begin PBXFrameworksBuildPhase section */
		3905E2712B6251D30005AC37 /* Frameworks */ = {
			isa = PBXFrameworksBuildPhase;
			buildActionMask = 2147483647;
			files = (
				3905E2AA2B62B0730005AC37 /* Alamofire in Frameworks */,
			);
			runOnlyForDeploymentPostprocessing = 0;
		};
/* End PBXFrameworksBuildPhase section */

/* Begin PBXGroup section */
		3905E26B2B6251D30005AC37 = {
			isa = PBXGroup;
			children = (
				3905E2762B6251D30005AC37 /* NaizFit */,
				3905E2752B6251D30005AC37 /* Products */,
			);
			sourceTree = "<group>";
		};
		3905E2752B6251D30005AC37 /* Products */ = {
			isa = PBXGroup;
			children = (
				3905E2742B6251D30005AC37 /* NaizFit.app */,
			);
			name = Products;
			sourceTree = "<group>";
		};
		3905E2762B6251D30005AC37 /* NaizFit */ = {
			isa = PBXGroup;
			children = (
				3905E2962B6270770005AC37 /* Info.plist */,
				3905E2912B626D2F0005AC37 /* Fonts */,
				3905E2882B6252820005AC37 /* Model */,
				3905E2872B6252780005AC37 /* Views */,
				3905E2862B62525B0005AC37 /* ViewModel */,
				3905E2AB2B62B22D0005AC37 /* Service */,
				3905E2772B6251D30005AC37 /* NaizFitApp.swift */,
				3905E27B2B6251D40005AC37 /* Assets.xcassets */,
				3905E27D2B6251D40005AC37 /* NaizFit.entitlements */,
				3905E27E2B6251D40005AC37 /* Preview Content */,
			);
			path = NaizFit;
			sourceTree = "<group>";
		};
		3905E27E2B6251D40005AC37 /* Preview Content */ = {
			isa = PBXGroup;
			children = (
				3905E27F2B6251D40005AC37 /* Preview Assets.xcassets */,
			);
			path = "Preview Content";
			sourceTree = "<group>";
		};
		3905E2862B62525B0005AC37 /* ViewModel */ = {
			isa = PBXGroup;
			children = (
				3905E2A62B62AF1A0005AC37 /* ProfileViewModel.swift */,
			);
			path = ViewModel;
			sourceTree = "<group>";
		};
		3905E2872B6252780005AC37 /* Views */ = {
			isa = PBXGroup;
			children = (
				39AE036F2B63B2CA004F2762 /* Components */,
				3905E2992B62826C0005AC37 /* ComponentsProfile */,
				3905E2792B6251D30005AC37 /* ContentView.swift */,
				3905E2892B6252D80005AC37 /* ChallengeView.swift */,
				3905E28B2B6252EA0005AC37 /* MeetingView.swift */,
				3905E28D2B6252F70005AC37 /* NotificationView.swift */,
				3905E28F2B6253040005AC37 /* ProfileView.swift */,
			);
			path = Views;
			sourceTree = "<group>";
		};
		3905E2882B6252820005AC37 /* Model */ = {
			isa = PBXGroup;
			children = (
				3905E2A42B62AC2F0005AC37 /* NaizPerkModel.swift */,
				39AE03692B63ABF0004F2762 /* SegmentedTypes.swift */,
				39AE03722B63D964004F2762 /* NaizUserModel.swift */,
			);
			path = Model;
			sourceTree = "<group>";
		};
		3905E2912B626D2F0005AC37 /* Fonts */ = {
			isa = PBXGroup;
			children = (
				3905E2A22B62A7CC0005AC37 /* Inter-VariableFont_slnt,wght.ttf */,
				3905E2942B626FEC0005AC37 /* Montserrat-VariableFont_wght.ttf */,
				3905E2972B62754A0005AC37 /* DMSans-VariableFont_opsz,wght.ttf */,
			);
			path = Fonts;
			sourceTree = "<group>";
		};
		3905E2992B62826C0005AC37 /* ComponentsProfile */ = {
			isa = PBXGroup;
			children = (
				3905E29A2B6282830005AC37 /* PersonalInfoView.swift */,
				3905E29C2B6288FC0005AC37 /* StadisticsView.swift */,
				3905E29E2B628FF90005AC37 /* SegmentedView.swift */,
				3905E2A02B62A5640005AC37 /* EmptyInfoView.swift */,
				39AE036D2B63AD0C004F2762 /* PerkInfoView.swift */,
				39AE03702B63C02F004F2762 /* PerkConditionView.swift */,
				39AE03742B63E451004F2762 /* UpdateHeightUserView.swift */,
				39AE03762B63ED46004F2762 /* UpdateWeightUserView.swift */,
			);
			path = ComponentsProfile;
			sourceTree = "<group>";
		};
		3905E2AB2B62B22D0005AC37 /* Service */ = {
			isa = PBXGroup;
			children = (
				3905E2AC2B62B2510005AC37 /* NaizService.swift */,
			);
			path = Service;
			sourceTree = "<group>";
		};
		39AE036F2B63B2CA004F2762 /* Components */ = {
			isa = PBXGroup;
			children = (
				39AE036B2B63AC44004F2762 /* NaizButton.swift */,
			);
			path = Components;
			sourceTree = "<group>";
		};
/* End PBXGroup section */

/* Begin PBXNativeTarget section */
		3905E2732B6251D30005AC37 /* NaizFit */ = {
			isa = PBXNativeTarget;
			buildConfigurationList = 3905E2832B6251D40005AC37 /* Build configuration list for PBXNativeTarget "NaizFit" */;
			buildPhases = (
				3905E2702B6251D30005AC37 /* Sources */,
				3905E2712B6251D30005AC37 /* Frameworks */,
				3905E2722B6251D30005AC37 /* Resources */,
			);
			buildRules = (
			);
			dependencies = (
			);
			name = NaizFit;
			packageProductDependencies = (
				3905E2A92B62B0730005AC37 /* Alamofire */,
			);
			productName = NaizFit;
			productReference = 3905E2742B6251D30005AC37 /* NaizFit.app */;
			productType = "com.apple.product-type.application";
		};
/* End PBXNativeTarget section */

/* Begin PBXProject section */
		3905E26C2B6251D30005AC37 /* Project object */ = {
			isa = PBXProject;
			attributes = {
				BuildIndependentTargetsInParallel = 1;
				LastSwiftUpdateCheck = 1520;
				LastUpgradeCheck = 1520;
				TargetAttributes = {
					3905E2732B6251D30005AC37 = {
						CreatedOnToolsVersion = 15.2;
					};
				};
			};
			buildConfigurationList = 3905E26F2B6251D30005AC37 /* Build configuration list for PBXProject "NaizFit" */;
			compatibilityVersion = "Xcode 14.0";
			developmentRegion = en;
			hasScannedForEncodings = 0;
			knownRegions = (
				en,
				Base,
			);
			mainGroup = 3905E26B2B6251D30005AC37;
			packageReferences = (
				3905E2A82B62B0730005AC37 /* XCRemoteSwiftPackageReference "Alamofire" */,
			);
			productRefGroup = 3905E2752B6251D30005AC37 /* Products */;
			projectDirPath = "";
			projectRoot = "";
			targets = (
				3905E2732B6251D30005AC37 /* NaizFit */,
			);
		};
/* End PBXProject section */

/* Begin PBXResourcesBuildPhase section */
		3905E2722B6251D30005AC37 /* Resources */ = {
			isa = PBXResourcesBuildPhase;
			buildActionMask = 2147483647;
			files = (
				3905E2802B6251D40005AC37 /* Preview Assets.xcassets in Resources */,
				3905E2A32B62A7CC0005AC37 /* Inter-VariableFont_slnt,wght.ttf in Resources */,
				3905E2952B62703F0005AC37 /* Montserrat-VariableFont_wght.ttf in Resources */,
				3905E2982B62754A0005AC37 /* DMSans-VariableFont_opsz,wght.ttf in Resources */,
				3905E27C2B6251D40005AC37 /* Assets.xcassets in Resources */,
			);
			runOnlyForDeploymentPostprocessing = 0;
		};
/* End PBXResourcesBuildPhase section */

/* Begin PBXSourcesBuildPhase section */
		3905E2702B6251D30005AC37 /* Sources */ = {
			isa = PBXSourcesBuildPhase;
			buildActionMask = 2147483647;
			files = (
				3905E2AD2B62B2510005AC37 /* NaizService.swift in Sources */,
				3905E28C2B6252EA0005AC37 /* MeetingView.swift in Sources */,
				39AE03772B63ED46004F2762 /* UpdateWeightUserView.swift in Sources */,
				3905E27A2B6251D30005AC37 /* ContentView.swift in Sources */,
				3905E2A52B62AC2F0005AC37 /* NaizPerkModel.swift in Sources */,
				39AE036A2B63ABF0004F2762 /* SegmentedTypes.swift in Sources */,
				39AE03712B63C02F004F2762 /* PerkConditionView.swift in Sources */,
				3905E29F2B628FF90005AC37 /* SegmentedView.swift in Sources */,
				39AE036E2B63AD0C004F2762 /* PerkInfoView.swift in Sources */,
				3905E2782B6251D30005AC37 /* NaizFitApp.swift in Sources */,
				3905E29B2B6282830005AC37 /* PersonalInfoView.swift in Sources */,
				3905E2A72B62AF1A0005AC37 /* ProfileViewModel.swift in Sources */,
				3905E28A2B6252D80005AC37 /* ChallengeView.swift in Sources */,
				3905E2A12B62A5640005AC37 /* EmptyInfoView.swift in Sources */,
				3905E29D2B6288FC0005AC37 /* StadisticsView.swift in Sources */,
				3905E2902B6253040005AC37 /* ProfileView.swift in Sources */,
				39AE036C2B63AC44004F2762 /* NaizButton.swift in Sources */,
				39AE03752B63E451004F2762 /* UpdateHeightUserView.swift in Sources */,
				39AE03732B63D964004F2762 /* NaizUserModel.swift in Sources */,
				3905E28E2B6252F70005AC37 /* NotificationView.swift in Sources */,
			);
			runOnlyForDeploymentPostprocessing = 0;
		};
/* End PBXSourcesBuildPhase section */

/* Begin XCBuildConfiguration section */
		3905E2812B6251D40005AC37 /* Debug */ = {
			isa = XCBuildConfiguration;
			buildSettings = {
				ALWAYS_SEARCH_USER_PATHS = NO;
				ASSETCATALOG_COMPILER_GENERATE_SWIFT_ASSET_SYMBOL_EXTENSIONS = YES;
				CLANG_ANALYZER_NONNULL = YES;
				CLANG_ANALYZER_NUMBER_OBJECT_CONVERSION = YES_AGGRESSIVE;
				CLANG_CXX_LANGUAGE_STANDARD = "gnu++20";
				CLANG_ENABLE_MODULES = YES;
				CLANG_ENABLE_OBJC_ARC = YES;
				CLANG_ENABLE_OBJC_WEAK = YES;
				CLANG_WARN_BLOCK_CAPTURE_AUTORELEASING = YES;
				CLANG_WARN_BOOL_CONVERSION = YES;
				CLANG_WARN_COMMA = YES;
				CLANG_WARN_CONSTANT_CONVERSION = YES;
				CLANG_WARN_DEPRECATED_OBJC_IMPLEMENTATIONS = YES;
				CLANG_WARN_DIRECT_OBJC_ISA_USAGE = YES_ERROR;
				CLANG_WARN_DOCUMENTATION_COMMENTS = YES;
				CLANG_WARN_EMPTY_BODY = YES;
				CLANG_WARN_ENUM_CONVERSION = YES;
				CLANG_WARN_INFINITE_RECURSION = YES;
				CLANG_WARN_INT_CONVERSION = YES;
				CLANG_WARN_NON_LITERAL_NULL_CONVERSION = YES;
				CLANG_WARN_OBJC_IMPLICIT_RETAIN_SELF = YES;
				CLANG_WARN_OBJC_LITERAL_CONVERSION = YES;
				CLANG_WARN_OBJC_ROOT_CLASS = YES_ERROR;
				CLANG_WARN_QUOTED_INCLUDE_IN_FRAMEWORK_HEADER = YES;
				CLANG_WARN_RANGE_LOOP_ANALYSIS = YES;
				CLANG_WARN_STRICT_PROTOTYPES = YES;
				CLANG_WARN_SUSPICIOUS_MOVE = YES;
				CLANG_WARN_UNGUARDED_AVAILABILITY = YES_AGGRESSIVE;
				CLANG_WARN_UNREACHABLE_CODE = YES;
				CLANG_WARN__DUPLICATE_METHOD_MATCH = YES;
				COPY_PHASE_STRIP = NO;
				DEBUG_INFORMATION_FORMAT = dwarf;
				ENABLE_STRICT_OBJC_MSGSEND = YES;
				ENABLE_TESTABILITY = YES;
				ENABLE_USER_SCRIPT_SANDBOXING = YES;
				GCC_C_LANGUAGE_STANDARD = gnu17;
				GCC_DYNAMIC_NO_PIC = NO;
				GCC_NO_COMMON_BLOCKS = YES;
				GCC_OPTIMIZATION_LEVEL = 0;
				GCC_PREPROCESSOR_DEFINITIONS = (
					"DEBUG=1",
					"$(inherited)",
				);
				GCC_WARN_64_TO_32_BIT_CONVERSION = YES;
				GCC_WARN_ABOUT_RETURN_TYPE = YES_ERROR;
				GCC_WARN_UNDECLARED_SELECTOR = YES;
				GCC_WARN_UNINITIALIZED_AUTOS = YES_AGGRESSIVE;
				GCC_WARN_UNUSED_FUNCTION = YES;
				GCC_WARN_UNUSED_VARIABLE = YES;
				LOCALIZATION_PREFERS_STRING_CATALOGS = YES;
				MTL_ENABLE_DEBUG_INFO = INCLUDE_SOURCE;
				MTL_FAST_MATH = YES;
				ONLY_ACTIVE_ARCH = YES;
				SWIFT_ACTIVE_COMPILATION_CONDITIONS = "DEBUG $(inherited)";
				SWIFT_OPTIMIZATION_LEVEL = "-Onone";
			};
			name = Debug;
		};
		3905E2822B6251D40005AC37 /* Release */ = {
			isa = XCBuildConfiguration;
			buildSettings = {
				ALWAYS_SEARCH_USER_PATHS = NO;
				ASSETCATALOG_COMPILER_GENERATE_SWIFT_ASSET_SYMBOL_EXTENSIONS = YES;
				CLANG_ANALYZER_NONNULL = YES;
				CLANG_ANALYZER_NUMBER_OBJECT_CONVERSION = YES_AGGRESSIVE;
				CLANG_CXX_LANGUAGE_STANDARD = "gnu++20";
				CLANG_ENABLE_MODULES = YES;
				CLANG_ENABLE_OBJC_ARC = YES;
				CLANG_ENABLE_OBJC_WEAK = YES;
				CLANG_WARN_BLOCK_CAPTURE_AUTORELEASING = YES;
				CLANG_WARN_BOOL_CONVERSION = YES;
				CLANG_WARN_COMMA = YES;
				CLANG_WARN_CONSTANT_CONVERSION = YES;
				CLANG_WARN_DEPRECATED_OBJC_IMPLEMENTATIONS = YES;
				CLANG_WARN_DIRECT_OBJC_ISA_USAGE = YES_ERROR;
				CLANG_WARN_DOCUMENTATION_COMMENTS = YES;
				CLANG_WARN_EMPTY_BODY = YES;
				CLANG_WARN_ENUM_CONVERSION = YES;
				CLANG_WARN_INFINITE_RECURSION = YES;
				CLANG_WARN_INT_CONVERSION = YES;
				CLANG_WARN_NON_LITERAL_NULL_CONVERSION = YES;
				CLANG_WARN_OBJC_IMPLICIT_RETAIN_SELF = YES;
				CLANG_WARN_OBJC_LITERAL_CONVERSION = YES;
				CLANG_WARN_OBJC_ROOT_CLASS = YES_ERROR;
				CLANG_WARN_QUOTED_INCLUDE_IN_FRAMEWORK_HEADER = YES;
				CLANG_WARN_RANGE_LOOP_ANALYSIS = YES;
				CLANG_WARN_STRICT_PROTOTYPES = YES;
				CLANG_WARN_SUSPICIOUS_MOVE = YES;
				CLANG_WARN_UNGUARDED_AVAILABILITY = YES_AGGRESSIVE;
				CLANG_WARN_UNREACHABLE_CODE = YES;
				CLANG_WARN__DUPLICATE_METHOD_MATCH = YES;
				COPY_PHASE_STRIP = NO;
				DEBUG_INFORMATION_FORMAT = "dwarf-with-dsym";
				ENABLE_NS_ASSERTIONS = NO;
				ENABLE_STRICT_OBJC_MSGSEND = YES;
				ENABLE_USER_SCRIPT_SANDBOXING = YES;
				GCC_C_LANGUAGE_STANDARD = gnu17;
				GCC_NO_COMMON_BLOCKS = YES;
				GCC_WARN_64_TO_32_BIT_CONVERSION = YES;
				GCC_WARN_ABOUT_RETURN_TYPE = YES_ERROR;
				GCC_WARN_UNDECLARED_SELECTOR = YES;
				GCC_WARN_UNINITIALIZED_AUTOS = YES_AGGRESSIVE;
				GCC_WARN_UNUSED_FUNCTION = YES;
				GCC_WARN_UNUSED_VARIABLE = YES;
				LOCALIZATION_PREFERS_STRING_CATALOGS = YES;
				MTL_ENABLE_DEBUG_INFO = NO;
				MTL_FAST_MATH = YES;
				SWIFT_COMPILATION_MODE = wholemodule;
			};
			name = Release;
		};
		3905E2842B6251D40005AC37 /* Debug */ = {
			isa = XCBuildConfiguration;
			buildSettings = {
				ASSETCATALOG_COMPILER_APPICON_NAME = AppIcon;
				ASSETCATALOG_COMPILER_GLOBAL_ACCENT_COLOR_NAME = AccentColor;
				CODE_SIGN_ENTITLEMENTS = NaizFit/NaizFit.entitlements;
				CODE_SIGN_STYLE = Automatic;
				CURRENT_PROJECT_VERSION = 1;
				DEVELOPMENT_ASSET_PATHS = "\"NaizFit/Preview Content\"";
				DEVELOPMENT_TEAM = AZRCQMBTMA;
				ENABLE_HARDENED_RUNTIME = YES;
				ENABLE_PREVIEWS = YES;
				GENERATE_INFOPLIST_FILE = YES;
				INFOPLIST_FILE = NaizFit/Info.plist;
				"INFOPLIST_KEY_UIApplicationSceneManifest_Generation[sdk=iphoneos*]" = YES;
				"INFOPLIST_KEY_UIApplicationSceneManifest_Generation[sdk=iphonesimulator*]" = YES;
				"INFOPLIST_KEY_UIApplicationSupportsIndirectInputEvents[sdk=iphoneos*]" = YES;
				"INFOPLIST_KEY_UIApplicationSupportsIndirectInputEvents[sdk=iphonesimulator*]" = YES;
				"INFOPLIST_KEY_UILaunchScreen_Generation[sdk=iphoneos*]" = YES;
				"INFOPLIST_KEY_UILaunchScreen_Generation[sdk=iphonesimulator*]" = YES;
				"INFOPLIST_KEY_UIStatusBarStyle[sdk=iphoneos*]" = UIStatusBarStyleDefault;
				"INFOPLIST_KEY_UIStatusBarStyle[sdk=iphonesimulator*]" = UIStatusBarStyleDefault;
				INFOPLIST_KEY_UISupportedInterfaceOrientations = UIInterfaceOrientationPortrait;
				INFOPLIST_KEY_UISupportedInterfaceOrientations_iPad = "UIInterfaceOrientationLandscapeLeft UIInterfaceOrientationLandscapeRight UIInterfaceOrientationPortrait UIInterfaceOrientationPortraitUpsideDown";
				IPHONEOS_DEPLOYMENT_TARGET = 16.0;
				LD_RUNPATH_SEARCH_PATHS = "@executable_path/Frameworks";
				"LD_RUNPATH_SEARCH_PATHS[sdk=macosx*]" = "@executable_path/../Frameworks";
				MACOSX_DEPLOYMENT_TARGET = 14.2;
				MARKETING_VERSION = 1.0;
				PRODUCT_BUNDLE_IDENTIFIER = com.NaizFit;
				PRODUCT_NAME = "$(TARGET_NAME)";
				SDKROOT = auto;
				SUPPORTED_PLATFORMS = "iphoneos iphonesimulator";
				SUPPORTS_MACCATALYST = NO;
				SWIFT_EMIT_LOC_STRINGS = YES;
				SWIFT_VERSION = 5.0;
				TARGETED_DEVICE_FAMILY = 1;
			};
			name = Debug;
		};
		3905E2852B6251D40005AC37 /* Release */ = {
			isa = XCBuildConfiguration;
			buildSettings = {
				ASSETCATALOG_COMPILER_APPICON_NAME = AppIcon;
				ASSETCATALOG_COMPILER_GLOBAL_ACCENT_COLOR_NAME = AccentColor;
				CODE_SIGN_ENTITLEMENTS = NaizFit/NaizFit.entitlements;
				CODE_SIGN_STYLE = Automatic;
				CURRENT_PROJECT_VERSION = 1;
				DEVELOPMENT_ASSET_PATHS = "\"NaizFit/Preview Content\"";
				DEVELOPMENT_TEAM = AZRCQMBTMA;
				ENABLE_HARDENED_RUNTIME = YES;
				ENABLE_PREVIEWS = YES;
				GENERATE_INFOPLIST_FILE = YES;
				INFOPLIST_FILE = NaizFit/Info.plist;
				"INFOPLIST_KEY_UIApplicationSceneManifest_Generation[sdk=iphoneos*]" = YES;
				"INFOPLIST_KEY_UIApplicationSceneManifest_Generation[sdk=iphonesimulator*]" = YES;
				"INFOPLIST_KEY_UIApplicationSupportsIndirectInputEvents[sdk=iphoneos*]" = YES;
				"INFOPLIST_KEY_UIApplicationSupportsIndirectInputEvents[sdk=iphonesimulator*]" = YES;
				"INFOPLIST_KEY_UILaunchScreen_Generation[sdk=iphoneos*]" = YES;
				"INFOPLIST_KEY_UILaunchScreen_Generation[sdk=iphonesimulator*]" = YES;
				"INFOPLIST_KEY_UIStatusBarStyle[sdk=iphoneos*]" = UIStatusBarStyleDefault;
				"INFOPLIST_KEY_UIStatusBarStyle[sdk=iphonesimulator*]" = UIStatusBarStyleDefault;
				INFOPLIST_KEY_UISupportedInterfaceOrientations = UIInterfaceOrientationPortrait;
				INFOPLIST_KEY_UISupportedInterfaceOrientations_iPad = "UIInterfaceOrientationLandscapeLeft UIInterfaceOrientationLandscapeRight UIInterfaceOrientationPortrait UIInterfaceOrientationPortraitUpsideDown";
				IPHONEOS_DEPLOYMENT_TARGET = 16.0;
				LD_RUNPATH_SEARCH_PATHS = "@executable_path/Frameworks";
				"LD_RUNPATH_SEARCH_PATHS[sdk=macosx*]" = "@executable_path/../Frameworks";
				MACOSX_DEPLOYMENT_TARGET = 14.2;
				MARKETING_VERSION = 1.0;
				PRODUCT_BUNDLE_IDENTIFIER = com.NaizFit;
				PRODUCT_NAME = "$(TARGET_NAME)";
				SDKROOT = auto;
				SUPPORTED_PLATFORMS = "iphoneos iphonesimulator";
				SUPPORTS_MACCATALYST = NO;
				SWIFT_EMIT_LOC_STRINGS = YES;
				SWIFT_VERSION = 5.0;
				TARGETED_DEVICE_FAMILY = 1;
			};
			name = Release;
		};
/* End XCBuildConfiguration section */

/* Begin XCConfigurationList section */
		3905E26F2B6251D30005AC37 /* Build configuration list for PBXProject "NaizFit" */ = {
			isa = XCConfigurationList;
			buildConfigurations = (
				3905E2812B6251D40005AC37 /* Debug */,
				3905E2822B6251D40005AC37 /* Release */,
			);
			defaultConfigurationIsVisible = 0;
			defaultConfigurationName = Release;
		};
		3905E2832B6251D40005AC37 /* Build configuration list for PBXNativeTarget "NaizFit" */ = {
			isa = XCConfigurationList;
			buildConfigurations = (
				3905E2842B6251D40005AC37 /* Debug */,
				3905E2852B6251D40005AC37 /* Release */,
			);
			defaultConfigurationIsVisible = 0;
			defaultConfigurationName = Release;
		};
/* End XCConfigurationList section */

/* Begin XCRemoteSwiftPackageReference section */
		3905E2A82B62B0730005AC37 /* XCRemoteSwiftPackageReference "Alamofire" */ = {
			isa = XCRemoteSwiftPackageReference;
			repositoryURL = "https://github.com/Alamofire/Alamofire.git";
			requirement = {
				kind = upToNextMajorVersion;
				minimumVersion = 5.8.1;
			};
		};
/* End XCRemoteSwiftPackageReference section */

/* Begin XCSwiftPackageProductDependency section */
		3905E2A92B62B0730005AC37 /* Alamofire */ = {
			isa = XCSwiftPackageProductDependency;
			package = 3905E2A82B62B0730005AC37 /* XCRemoteSwiftPackageReference "Alamofire" */;
			productName = Alamofire;
		};
/* End XCSwiftPackageProductDependency section */
	};
	rootObject = 3905E26C2B6251D30005AC37 /* Project object */;
}
